
Microsoft Visual Studio Solution File, Format Version 12.00
# Visual Studio Version 16
VisualStudioVersion = 16.0.30611.23
MinimumVisualStudioVersion = 10.0.40219.1
Project("{FAE04EC0-301F-11D3-BF4B-00C04F79EFBC}") = "seed_LinkedListSearch", "seed_LinkedListSearch\seed_LinkedListSearch.csproj", "{E0726D17-0E20-4825-B1CA-4EF862628D48}"
EndProject
Global
	GlobalSection(SolutionConfigurationPlatforms) = preSolution
		Debug|Any CPU = Debug|Any CPU
		Release|Any CPU = Release|Any CPU
	EndGlobalSection
	GlobalSection(ProjectConfigurationPlatforms) = postSolution
		{E0726D17-0E20-4825-B1CA-4EF862628D48}.Debug|Any CPU.ActiveCfg = Debug|Any CPU
		{E0726D17-0E20-4825-B1CA-4EF862628D48}.Debug|Any CPU.Build.0 = Debug|Any CPU
		{E0726D17-0E20-4825-B1CA-4EF862628D48}.Release|Any CPU.ActiveCfg = Release|Any CPU
		{E0726D17-0E20-4825-B1CA-4EF862628D48}.Release|Any CPU.Build.0 = Release|Any CPU
	EndGlobalSection
	GlobalSection(SolutionProperties) = preSolution
		HideSolutionNode = FALSE
	EndGlobalSection
	GlobalSection(ExtensibilityGlobals) = postSolution
		SolutionGuid = {E40F819A-4B5A-479F-960F-1A16410E4B06}
	EndGlobalSection
EndGlobal
